
Microsoft Visual Studio Solution File, Format Version 12.00
# Visual Studio Version 16
VisualStudioVersion = 16.0.29209.62
MinimumVisualStudioVersion = 10.0.40219.1
Project("{FAE04EC0-301F-11D3-BF4B-00C04F79EFBC}") = "Try_1", "Try_1\Try_1.csproj", "{88F6F523-A1A0-44F0-8EF4-B2939632A182}"
EndProject
Global
	GlobalSection(SolutionConfigurationPlatforms) = preSolution
		Debug|Any CPU = Debug|Any CPU
		Release|Any CPU = Release|Any CPU
	EndGlobalSection
	GlobalSection(ProjectConfigurationPlatforms) = postSolution
		{88F6F523-A1A0-44F0-8EF4-B2939632A182}.Debug|Any CPU.ActiveCfg = Debug|Any CPU
		{88F6F523-A1A0-44F0-8EF4-B2939632A182}.Debug|Any CPU.Build.0 = Debug|Any CPU
		{88F6F523-A1A0-44F0-8EF4-B2939632A182}.Release|Any CPU.ActiveCfg = Release|Any CPU
		{88F6F523-A1A0-44F0-8EF4-B2939632A182}.Release|Any CPU.Build.0 = Release|Any CPU
	EndGlobalSection
	GlobalSection(SolutionProperties) = preSolution
		HideSolutionNode = FALSE
	EndGlobalSection
	GlobalSection(ExtensibilityGlobals) = postSolution
		SolutionGuid = {AD46778F-814D-4FC7-8C13-27F05B33BB56}
	EndGlobalSection
EndGlobal
